
Microsoft Visual Studio Solution File, Format Version 12.00
# Visual Studio 14
VisualStudioVersion = 14.0.23107.0
MinimumVisualStudioVersion = 10.0.40219.1
Project("{FAE04EC0-301F-11D3-BF4B-00C04F79EFBC}") = "01. HumanStudentAndWorker", "01. HumanStudentAndWorker\01. HumanStudentAndWorker.csproj", "{3C9EF7B0-0661-4FA2-B587-DC83A7328A37}"
EndProject
Project("{FAE04EC0-301F-11D3-BF4B-00C04F79EFBC}") = "02.Animals", "02.Animals\02.Animals.csproj", "{77360527-E5F4-4413-B62C-D329320411CF}"
EndProject
Project("{FAE04EC0-301F-11D3-BF4B-00C04F79EFBC}") = "03. CompanyHierarchy", "03. CompanyHierarchy\03. CompanyHierarchy.csproj", "{0D3E7AED-7026-4E2E-803A-3D805A79A135}"
EndProject
Global
	GlobalSection(SolutionConfigurationPlatforms) = preSolution
		Debug|Any CPU = Debug|Any CPU
		Release|Any CPU = Release|Any CPU
	EndGlobalSection
	GlobalSection(ProjectConfigurationPlatforms) = postSolution
		{3C9EF7B0-0661-4FA2-B587-DC83A7328A37}.Debug|Any CPU.ActiveCfg = Debug|Any CPU
		{3C9EF7B0-0661-4FA2-B587-DC83A7328A37}.Debug|Any CPU.Build.0 = Debug|Any CPU
		{3C9EF7B0-0661-4FA2-B587-DC83A7328A37}.Release|Any CPU.ActiveCfg = Release|Any CPU
		{3C9EF7B0-0661-4FA2-B587-DC83A7328A37}.Release|Any CPU.Build.0 = Release|Any CPU
		{77360527-E5F4-4413-B62C-D329320411CF}.Debug|Any CPU.ActiveCfg = Debug|Any CPU
		{77360527-E5F4-4413-B62C-D329320411CF}.Debug|Any CPU.Build.0 = Debug|Any CPU
		{77360527-E5F4-4413-B62C-D329320411CF}.Release|Any CPU.ActiveCfg = Release|Any CPU
		{77360527-E5F4-4413-B62C-D329320411CF}.Release|Any CPU.Build.0 = Release|Any CPU
		{0D3E7AED-7026-4E2E-803A-3D805A79A135}.Debug|Any CPU.ActiveCfg = Debug|Any CPU
		{0D3E7AED-7026-4E2E-803A-3D805A79A135}.Debug|Any CPU.Build.0 = Debug|Any CPU
		{0D3E7AED-7026-4E2E-803A-3D805A79A135}.Release|Any CPU.ActiveCfg = Release|Any CPU
		{0D3E7AED-7026-4E2E-803A-3D805A79A135}.Release|Any CPU.Build.0 = Release|Any CPU
	EndGlobalSection
	GlobalSection(SolutionProperties) = preSolution
		HideSolutionNode = FALSE
	EndGlobalSection
EndGlobal
